{
  "name": "meeseeks",
  "version": "1.0.0",
  "lockfileVersion": 2,
  "requires": true,
  "packages": {
    "": {
      "name": "meeseeks",
      "version": "1.0.0",
      "license": "MIT",
      "dependencies": {
        "box": "^1.0.0",
        "meeseek": "^1.0.0"
      }
    },
    "node_modules/box": {
      "version": "1.0.0",
      "resolved": "http://20.250.34.231:4873/box/-/box-1.0.0.tgz",
      "integrity": "sha512-/wIBAR2/P0HCQBWcnSlfeJXNPKdQ5cfBre44myS6TucMxT+WORbxHGtP97xTyUIRSGwdZj7CVdcJeSrMQA3zKA=="
    },
    "node_modules/meeseek": {
      "version": "1.0.0",
      "resolved": "http://20.250.34.231:4873/meeseek/-/meeseek-1.0.0.tgz",
      "integrity": "sha512-8fTBblEB449+N79yBqkV7ckTeVg4/bkkIuYGYyOCW0IB36PM+Oayn+S8H6pfDcft6Q6iaDBtR8YFvwMg4NmBxQ=="
    }
  },
  "dependencies": {
    "box": {
      "version": "1.0.0",
      "resolved": "http://20.250.34.231:4873/box/-/box-1.0.0.tgz",
      "integrity": "sha512-/wIBAR2/P0HCQBWcnSlfeJXNPKdQ5cfBre44myS6TucMxT+WORbxHGtP97xTyUIRSGwdZj7CVdcJeSrMQA3zKA=="
    },
    "meeseek": {
      "version": "1.0.0",
      "resolved": "http://20.250.34.231:4873/meeseek/-/meeseek-1.0.0.tgz",
      "integrity": "sha512-8fTBblEB449+N79yBqkV7ckTeVg4/bkkIuYGYyOCW0IB36PM+Oayn+S8H6pfDcft6Q6iaDBtR8YFvwMg4NmBxQ=="
    }
  }
}
